
Microsoft Visual Studio Solution File, Format Version 12.00
# Visual Studio Version 17
VisualStudioVersion = 17.7.34024.191
MinimumVisualStudioVersion = 10.0.40219.1
Project("{9A19103F-16F7-4668-BE54-9A1E7A4F7556}") = "CrudChallenge.API", "CrudChallenge\CrudChallenge.API.csproj", "{D1CE39D9-4899-44FE-BF15-60082BCA38E1}"
EndProject
Project("{9A19103F-16F7-4668-BE54-9A1E7A4F7556}") = "CrudChallenge.Data", "CrudChallenge.Repository\CrudChallenge.Data.csproj", "{2517DEF0-EE84-4D53-A157-4F74BA35D645}"
EndProject
Project("{2150E333-8FDC-42A3-9474-1A3956D46DE8}") = "Solution Items", "Solution Items", "{30597239-876B-4B06-B578-C8C8CD842F08}"
	ProjectSection(SolutionItems) = preProject
		.editorconfig = .editorconfig
	EndProjectSection
EndProject
Project("{9A19103F-16F7-4668-BE54-9A1E7A4F7556}") = "CrudChallenge.Model", "CrudChallenge.Model\CrudChallenge.Model.csproj", "{F512E956-1ED4-4DC4-93A5-72FE636AE396}"
EndProject
Project("{9A19103F-16F7-4668-BE54-9A1E7A4F7556}") = "CrudChallenge.ReportsWorker", "CrudChallenge.ReportWorker\CrudChallenge.ReportsWorker.csproj", "{513249CC-13DD-4279-8AEB-D13AE50C9553}"
EndProject
Project("{9A19103F-16F7-4668-BE54-9A1E7A4F7556}") = "CrudChallenge.Notifications", "CrudChallenge.Notifications\CrudChallenge.Notifications.csproj", "{26FBE13D-B03D-4A8A-8BA0-B18D58D45141}"
EndProject
Global
	GlobalSection(SolutionConfigurationPlatforms) = preSolution
		Debug|Any CPU = Debug|Any CPU
		Release|Any CPU = Release|Any CPU
	EndGlobalSection
	GlobalSection(ProjectConfigurationPlatforms) = postSolution
		{D1CE39D9-4899-44FE-BF15-60082BCA38E1}.Debug|Any CPU.ActiveCfg = Debug|Any CPU
		{D1CE39D9-4899-44FE-BF15-60082BCA38E1}.Debug|Any CPU.Build.0 = Debug|Any CPU
		{D1CE39D9-4899-44FE-BF15-60082BCA38E1}.Release|Any CPU.ActiveCfg = Release|Any CPU
		{D1CE39D9-4899-44FE-BF15-60082BCA38E1}.Release|Any CPU.Build.0 = Release|Any CPU
		{2517DEF0-EE84-4D53-A157-4F74BA35D645}.Debug|Any CPU.ActiveCfg = Debug|Any CPU
		{2517DEF0-EE84-4D53-A157-4F74BA35D645}.Debug|Any CPU.Build.0 = Debug|Any CPU
		{2517DEF0-EE84-4D53-A157-4F74BA35D645}.Release|Any CPU.ActiveCfg = Release|Any CPU
		{2517DEF0-EE84-4D53-A157-4F74BA35D645}.Release|Any CPU.Build.0 = Release|Any CPU
		{F512E956-1ED4-4DC4-93A5-72FE636AE396}.Debug|Any CPU.ActiveCfg = Debug|Any CPU
		{F512E956-1ED4-4DC4-93A5-72FE636AE396}.Debug|Any CPU.Build.0 = Debug|Any CPU
		{F512E956-1ED4-4DC4-93A5-72FE636AE396}.Release|Any CPU.ActiveCfg = Release|Any CPU
		{F512E956-1ED4-4DC4-93A5-72FE636AE396}.Release|Any CPU.Build.0 = Release|Any CPU
		{513249CC-13DD-4279-8AEB-D13AE50C9553}.Debug|Any CPU.ActiveCfg = Debug|Any CPU
		{513249CC-13DD-4279-8AEB-D13AE50C9553}.Debug|Any CPU.Build.0 = Debug|Any CPU
		{513249CC-13DD-4279-8AEB-D13AE50C9553}.Release|Any CPU.ActiveCfg = Release|Any CPU
		{513249CC-13DD-4279-8AEB-D13AE50C9553}.Release|Any CPU.Build.0 = Release|Any CPU
		{26FBE13D-B03D-4A8A-8BA0-B18D58D45141}.Debug|Any CPU.ActiveCfg = Debug|Any CPU
		{26FBE13D-B03D-4A8A-8BA0-B18D58D45141}.Debug|Any CPU.Build.0 = Debug|Any CPU
		{26FBE13D-B03D-4A8A-8BA0-B18D58D45141}.Release|Any CPU.ActiveCfg = Release|Any CPU
		{26FBE13D-B03D-4A8A-8BA0-B18D58D45141}.Release|Any CPU.Build.0 = Release|Any CPU
	EndGlobalSection
	GlobalSection(SolutionProperties) = preSolution
		HideSolutionNode = FALSE
	EndGlobalSection
	GlobalSection(ExtensibilityGlobals) = postSolution
		SolutionGuid = {A5DB0201-4207-4DA6-A50F-ACB3F086357D}
	EndGlobalSection
EndGlobal
